
Microsoft Visual Studio Solution File, Format Version 12.00
# Visual Studio 15
VisualStudioVersion = 15.0.28010.2026
MinimumVisualStudioVersion = 10.0.40219.1
Project("{E24C65DC-7377-472B-9ABA-BC803B73C61A}") = "Basic JS and HTML", "Basic JS and HTML\", "{8214E60A-A28C-439F-B94B-1EAA5ED23C8C}"
	ProjectSection(WebsiteProperties) = preProject
		TargetFrameworkMoniker = ".NETFramework,Version%3Dv4.6.1"
		Debug.AspNetCompiler.VirtualPath = "/localhost_63779"
		Debug.AspNetCompiler.PhysicalPath = "Basic JS and HTML\"
		Debug.AspNetCompiler.TargetPath = "PrecompiledWeb\localhost_63779\"
		Debug.AspNetCompiler.Updateable = "true"
		Debug.AspNetCompiler.ForceOverwrite = "true"
		Debug.AspNetCompiler.FixedNames = "false"
		Debug.AspNetCompiler.Debug = "True"
		Release.AspNetCompiler.VirtualPath = "/localhost_63779"
		Release.AspNetCompiler.PhysicalPath = "Basic JS and HTML\"
		Release.AspNetCompiler.TargetPath = "PrecompiledWeb\localhost_63779\"
		Release.AspNetCompiler.Updateable = "true"
		Release.AspNetCompiler.ForceOverwrite = "true"
		Release.AspNetCompiler.FixedNames = "false"
		Release.AspNetCompiler.Debug = "False"
		VWDPort = "63779"
		SlnRelativePath = "Basic JS and HTML\"
		DefaultWebSiteLanguage = "Visual C#"
	EndProjectSection
EndProject
Global
	GlobalSection(SolutionConfigurationPlatforms) = preSolution
		Debug|Any CPU = Debug|Any CPU
	EndGlobalSection
	GlobalSection(ProjectConfigurationPlatforms) = postSolution
		{8214E60A-A28C-439F-B94B-1EAA5ED23C8C}.Debug|Any CPU.ActiveCfg = Debug|Any CPU
		{8214E60A-A28C-439F-B94B-1EAA5ED23C8C}.Debug|Any CPU.Build.0 = Debug|Any CPU
	EndGlobalSection
	GlobalSection(SolutionProperties) = preSolution
		HideSolutionNode = FALSE
	EndGlobalSection
	GlobalSection(ExtensibilityGlobals) = postSolution
		SolutionGuid = {6F21B56E-C10C-4352-B212-08CF166DB0AE}
	EndGlobalSection
EndGlobal
